{
  "originHash" : "3727a83b345ca31ffd1b29e7ad73fe2a4a2f6df9584ce32214fcc2436ef5c85d",
  "pins" : [
    {
      "identity" : "daily-client-ios",
      "kind" : "remoteSourceControl",
      "location" : "https://github.com/daily-co/daily-client-ios.git",
      "state" : {
        "revision" : "1b84803a17766240007f11c553ca7debbfcef33b",
        "version" : "0.22.0"
      }
    },
    {
      "identity" : "rtvi-client-ios",
      "kind" : "remoteSourceControl",
      "location" : "https://github.com/rtvi-ai/rtvi-client-ios/",
      "state" : {
        "revision" : "4cecdb29d9a642cd407171d17fba64efadd95d50",
        "version" : "0.1.1"
      }
    }
  ],
  "version" : 3
}
