{
  "originHash" : "ec7384e93028318f09be11c697377d6c97a80ddeb0220ce84973f5f085159013",
  "pins" : [
    {
      "identity" : "daily-client-ios",
      "kind" : "remoteSourceControl",
      "location" : "https://github.com/daily-co/daily-client-ios.git",
      "state" : {
        "revision" : "e42038400233ada3c361d7a96c4e602aaedee369",
        "version" : "0.23.0"
      }
    },
    {
      "identity" : "rtvi-client-ios",
      "kind" : "remoteSourceControl",
      "location" : "https://github.com/rtvi-ai/rtvi-client-ios.git",
      "state" : {
        "revision" : "abc109cb65026fef7f0b48c8f0146842f3e10ef8",
        "version" : "0.1.5"
      }
    }
  ],
  "version" : 3
}
